PODS:
  - Flutter (1.0.0)
  - flutter_secured_storage (1.0.2):
    - Flutter

DEPENDENCIES:
  - Flutter (from `.symlinks/flutter/ios`)
  - flutter_secured_storage (from `.symlinks/plugins/flutter_secured_storage/ios`)

EXTERNAL SOURCES:
  Flutter:
    :path: ".symlinks/flutter/ios"
  flutter_secured_storage:
    :path: ".symlinks/plugins/flutter_secured_storage/ios"

SPEC CHECKSUMS:
  Flutter: 0e3d915762c693b495b44d77113d4970485de6ec
  flutter_secured_storage: 94175594060db170ae699b8ec08c544f93d2b0e9

PODFILE CHECKSUM: d231b65d6bea6d24555f84ca7901720538b5791f

COCOAPODS: 1.9.1
